
Microsoft Visual Studio Solution File, Format Version 12.00
# Visual Studio Version 16
VisualStudioVersion = 25.0.1706.11
MinimumVisualStudioVersion = 10.0.40219.1
Project("{FAE04EC0-301F-11D3-BF4B-00C04F79EFBC}") = "Projet_Vente", "Projet_Vente\Projet_Vente.csproj", "{394A1DB7-17DF-40E1-A395-22965B00E96E}"
EndProject
Global
	GlobalSection(SolutionConfigurationPlatforms) = preSolution
		Debug|Any CPU = Debug|Any CPU
		Release|Any CPU = Release|Any CPU
	EndGlobalSection
	GlobalSection(ProjectConfigurationPlatforms) = postSolution
		{394A1DB7-17DF-40E1-A395-22965B00E96E}.Debug|Any CPU.ActiveCfg = Debug|Any CPU
		{394A1DB7-17DF-40E1-A395-22965B00E96E}.Debug|Any CPU.Build.0 = Debug|Any CPU
		{394A1DB7-17DF-40E1-A395-22965B00E96E}.Release|Any CPU.ActiveCfg = Release|Any CPU
		{394A1DB7-17DF-40E1-A395-22965B00E96E}.Release|Any CPU.Build.0 = Release|Any CPU
	EndGlobalSection
	GlobalSection(SolutionProperties) = preSolution
		HideSolutionNode = FALSE
	EndGlobalSection
	GlobalSection(ExtensibilityGlobals) = postSolution
		SolutionGuid = {C75DF599-85B0-4E29-9DA8-FFC38555EA2C}
	EndGlobalSection
EndGlobal
